
Microsoft Visual Studio Solution File, Format Version 11.00
# Visual Studio 2010
Project("{FAE04EC0-301F-11D3-BF4B-00C04F79EFBC}") = "WpfMath_fw35", "WpfMath\WpfMath_fw35.csproj", "{010A34F1-1F3E-4528-99B4-95054DD45729}"
EndProject
Project("{FAE04EC0-301F-11D3-BF4B-00C04F79EFBC}") = "DotNet35To40Bridge", "DotNet35To40Bridge\DotNet35To40Bridge.csproj", "{4ABA3F07-4E62-42DA-B547-EEA4E6FDC962}"
EndProject
Global
	GlobalSection(SolutionConfigurationPlatforms) = preSolution
		Debug|Any CPU = Debug|Any CPU
		Debug|Mixed Platforms = Debug|Mixed Platforms
		Debug|x86 = Debug|x86
		Release|Any CPU = Release|Any CPU
		Release|Mixed Platforms = Release|Mixed Platforms
		Release|x86 = Release|x86
	EndGlobalSection
	GlobalSection(ProjectConfigurationPlatforms) = postSolution
		{010A34F1-1F3E-4528-99B4-95054DD45729}.Debug|Any CPU.ActiveCfg = Debug|x86
		{010A34F1-1F3E-4528-99B4-95054DD45729}.Debug|Mixed Platforms.ActiveCfg = Debug|x86
		{010A34F1-1F3E-4528-99B4-95054DD45729}.Debug|Mixed Platforms.Build.0 = Debug|x86
		{010A34F1-1F3E-4528-99B4-95054DD45729}.Debug|x86.ActiveCfg = Debug|x86
		{010A34F1-1F3E-4528-99B4-95054DD45729}.Debug|x86.Build.0 = Debug|x86
		{010A34F1-1F3E-4528-99B4-95054DD45729}.Release|Any CPU.ActiveCfg = Release|x86
		{010A34F1-1F3E-4528-99B4-95054DD45729}.Release|Mixed Platforms.ActiveCfg = Release|x86
		{010A34F1-1F3E-4528-99B4-95054DD45729}.Release|Mixed Platforms.Build.0 = Release|x86
		{010A34F1-1F3E-4528-99B4-95054DD45729}.Release|x86.ActiveCfg = Release|x86
		{010A34F1-1F3E-4528-99B4-95054DD45729}.Release|x86.Build.0 = Release|x86
		{4ABA3F07-4E62-42DA-B547-EEA4E6FDC962}.Debug|Any CPU.ActiveCfg = Debug|Any CPU
		{4ABA3F07-4E62-42DA-B547-EEA4E6FDC962}.Debug|Any CPU.Build.0 = Debug|Any CPU
		{4ABA3F07-4E62-42DA-B547-EEA4E6FDC962}.Debug|Mixed Platforms.ActiveCfg = Debug|Any CPU
		{4ABA3F07-4E62-42DA-B547-EEA4E6FDC962}.Debug|Mixed Platforms.Build.0 = Debug|Any CPU
		{4ABA3F07-4E62-42DA-B547-EEA4E6FDC962}.Debug|x86.ActiveCfg = Debug|Any CPU
		{4ABA3F07-4E62-42DA-B547-EEA4E6FDC962}.Release|Any CPU.ActiveCfg = Release|Any CPU
		{4ABA3F07-4E62-42DA-B547-EEA4E6FDC962}.Release|Any CPU.Build.0 = Release|Any CPU
		{4ABA3F07-4E62-42DA-B547-EEA4E6FDC962}.Release|Mixed Platforms.ActiveCfg = Release|Any CPU
		{4ABA3F07-4E62-42DA-B547-EEA4E6FDC962}.Release|Mixed Platforms.Build.0 = Release|Any CPU
		{4ABA3F07-4E62-42DA-B547-EEA4E6FDC962}.Release|x86.ActiveCfg = Release|Any CPU
	EndGlobalSection
	GlobalSection(SolutionProperties) = preSolution
		HideSolutionNode = FALSE
	EndGlobalSection
EndGlobal
